// !$*UTF8*$!
{
	archiveVersion = 1;
	classes = {
	};
	objectVersion = 50;
	objects = {

/* Begin PBXBuildFile section */
		25A01DFE5FC8C0BFCEFC9C01 /* Pods_JJSwiftLog.framework in Frameworks */ = {isa = PBXBuildFile; fileRef = EE62F46789707C0138E386AC /* Pods_JJSwiftLog.framework */; };
		3E0BA730BF456A5C8DE5E7E9 /* Pods_JJSwiftLogCarthageTests.framework in Frameworks */ = {isa = PBXBuildFile; fileRef = 0358C6CA66EF7E629F0A14EE /* Pods_JJSwiftLogCarthageTests.framework */; };
		53DEB30C57F2B327B5DE4663 /* Pods_JJSwiftLogTests.framework in Frameworks */ = {isa = PBXBuildFile; fileRef = A76452E1943E25864935B817 /* Pods_JJSwiftLogTests.framework */; };
		610FBB2E2781852B0021BB00 /* JJLogEntity.swift in Sources */ = {isa = PBXBuildFile; fileRef = 610FBB2D2781852B0021BB00 /* JJLogEntity.swift */; };
		610FBB302781867A0021BB00 /* JJLogFormatterProtocol.swift in Sources */ = {isa = PBXBuildFile; fileRef = 610FBB2F2781867A0021BB00 /* JJLogFormatterProtocol.swift */; };
		610FBB312782AA4D0021BB00 /* JJLogEntity.swift in Sources */ = {isa = PBXBuildFile; fileRef = 610FBB2D2781852B0021BB00 /* JJLogEntity.swift */; };
		610FBB322782AA4D0021BB00 /* JJLogFormatterProtocol.swift in Sources */ = {isa = PBXBuildFile; fileRef = 610FBB2F2781867A0021BB00 /* JJLogFormatterProtocol.swift */; };
		610FBB3427888CA40021BB00 /* JJLogObject.swift in Sources */ = {isa = PBXBuildFile; fileRef = 610FBB3327888CA40021BB00 /* JJLogObject.swift */; };
		610FBB3527888CA40021BB00 /* JJLogObject.swift in Sources */ = {isa = PBXBuildFile; fileRef = 610FBB3327888CA40021BB00 /* JJLogObject.swift */; };
		612D73A224299C3800EDA133 /* JJLogFormatter.swift in Sources */ = {isa = PBXBuildFile; fileRef = 6174B98E23F83AFA00841805 /* JJLogFormatter.swift */; };
		613A363627B013BC0071C021 /* FormatterTests.swift in Sources */ = {isa = PBXBuildFile; fileRef = 613A363527B013BC0071C021 /* FormatterTests.swift */; };
		613A363827B769DA0071C021 /* JJSentryOutput.swift in Sources */ = {isa = PBXBuildFile; fileRef = 613A363727B769DA0071C021 /* JJSentryOutput.swift */; };
		613A363A27C244AC0071C021 /* SentryTests.swift in Sources */ = {isa = PBXBuildFile; fileRef = 613A363927C244AC0071C021 /* SentryTests.swift */; };
		613BFC94278B220A00F4D77B /* JJLogFilter.swift in Sources */ = {isa = PBXBuildFile; fileRef = 613BFC93278B220A00F4D77B /* JJLogFilter.swift */; };
		613BFC95278B220A00F4D77B /* JJLogFilter.swift in Sources */ = {isa = PBXBuildFile; fileRef = 613BFC93278B220A00F4D77B /* JJLogFilter.swift */; };
		614D5A8523BA09B0004E7AA2 /* JJSwiftLogCarthage.framework in Frameworks */ = {isa = PBXBuildFile; fileRef = 614D5A7C23BA09AF004E7AA2 /* JJSwiftLogCarthage.framework */; };
		614D5A8C23BA09B0004E7AA2 /* JJSwiftLogCarthageTests.swift in Sources */ = {isa = PBXBuildFile; fileRef = 614D5A8B23BA09B0004E7AA2 /* JJSwiftLogCarthageTests.swift */; };
		614D5A8E23BA09B0004E7AA2 /* JJSwiftLogCarthage.h in Headers */ = {isa = PBXBuildFile; fileRef = 614D5A7E23BA09AF004E7AA2 /* JJSwiftLogCarthage.h */; settings = {ATTRIBUTES = (Public, ); }; };
		614D5A9123BA09B0004E7AA2 /* JJSwiftLogCarthage.framework in Frameworks */ = {isa = PBXBuildFile; fileRef = 614D5A7C23BA09AF004E7AA2 /* JJSwiftLogCarthage.framework */; };
		614D5A9223BA09B0004E7AA2 /* JJSwiftLogCarthage.framework in Embed Frameworks */ = {isa = PBXBuildFile; fileRef = 614D5A7C23BA09AF004E7AA2 /* JJSwiftLogCarthage.framework */; settings = {ATTRIBUTES = (CodeSignOnCopy, RemoveHeadersOnCopy, ); }; };
		614D5A9A23BA09D3004E7AA2 /* JJSwiftLog.swift in Sources */ = {isa = PBXBuildFile; fileRef = 6150534523B609890097C4D9 /* JJSwiftLog.swift */; };
		614D5A9B23BA09D3004E7AA2 /* JJLogOutput.swift in Sources */ = {isa = PBXBuildFile; fileRef = 6150534723B60FB80097C4D9 /* JJLogOutput.swift */; };
		614D5A9C23BA09D3004E7AA2 /* JJConsoleOutput.swift in Sources */ = {isa = PBXBuildFile; fileRef = 6150534923B612FA0097C4D9 /* JJConsoleOutput.swift */; };
		614D5A9D23BA09D3004E7AA2 /* JJFileOutput.swift in Sources */ = {isa = PBXBuildFile; fileRef = 6150534B23B6133F0097C4D9 /* JJFileOutput.swift */; };
		614D5A9E23BA09D3004E7AA2 /* JJLogOutput+Extension.swift in Sources */ = {isa = PBXBuildFile; fileRef = 6150534D23B6137F0097C4D9 /* JJLogOutput+Extension.swift */; };
		6150532323B606400097C4D9 /* AppDelegate.swift in Sources */ = {isa = PBXBuildFile; fileRef = 6150532223B606400097C4D9 /* AppDelegate.swift */; };
		6150532523B606410097C4D9 /* SceneDelegate.swift in Sources */ = {isa = PBXBuildFile; fileRef = 6150532423B606410097C4D9 /* SceneDelegate.swift */; };
		6150532723B606410097C4D9 /* ViewController.swift in Sources */ = {isa = PBXBuildFile; fileRef = 6150532623B606410097C4D9 /* ViewController.swift */; };
		6150532A23B606410097C4D9 /* Main.storyboard in Resources */ = {isa = PBXBuildFile; fileRef = 6150532823B606410097C4D9 /* Main.storyboard */; };
		6150532C23B606450097C4D9 /* Assets.xcassets in Resources */ = {isa = PBXBuildFile; fileRef = 6150532B23B606450097C4D9 /* Assets.xcassets */; };
		6150532F23B606450097C4D9 /* LaunchScreen.storyboard in Resources */ = {isa = PBXBuildFile; fileRef = 6150532D23B606450097C4D9 /* LaunchScreen.storyboard */; };
		6150533A23B606460097C4D9 /* JJSwiftLogTests.swift in Sources */ = {isa = PBXBuildFile; fileRef = 6150533923B606460097C4D9 /* JJSwiftLogTests.swift */; };
		6150534623B609890097C4D9 /* JJSwiftLog.swift in Sources */ = {isa = PBXBuildFile; fileRef = 6150534523B609890097C4D9 /* JJSwiftLog.swift */; };
		6150534823B60FB80097C4D9 /* JJLogOutput.swift in Sources */ = {isa = PBXBuildFile; fileRef = 6150534723B60FB80097C4D9 /* JJLogOutput.swift */; };
		6150534A23B612FA0097C4D9 /* JJConsoleOutput.swift in Sources */ = {isa = PBXBuildFile; fileRef = 6150534923B612FA0097C4D9 /* JJConsoleOutput.swift */; };
		6150534C23B6133F0097C4D9 /* JJFileOutput.swift in Sources */ = {isa = PBXBuildFile; fileRef = 6150534B23B6133F0097C4D9 /* JJFileOutput.swift */; };
		6150534E23B6137F0097C4D9 /* JJLogOutput+Extension.swift in Sources */ = {isa = PBXBuildFile; fileRef = 6150534D23B6137F0097C4D9 /* JJLogOutput+Extension.swift */; };
		6174B98F23F83AFA00841805 /* JJLogFormatter.swift in Sources */ = {isa = PBXBuildFile; fileRef = 6174B98E23F83AFA00841805 /* JJLogFormatter.swift */; };
		61E1BB542793F85200FE223B /* JJFormatterLogANSIColor.swift in Sources */ = {isa = PBXBuildFile; fileRef = 61E1BB532793F85100FE223B /* JJFormatterLogANSIColor.swift */; };
		61E1BB552793F85200FE223B /* JJFormatterLogANSIColor.swift in Sources */ = {isa = PBXBuildFile; fileRef = 61E1BB532793F85100FE223B /* JJFormatterLogANSIColor.swift */; };
/* End PBXBuildFile section */

/* Begin PBXContainerItemProxy section */
		614D5A8623BA09B0004E7AA2 /* PBXContainerItemProxy */ = {
			isa = PBXContainerItemProxy;
			containerPortal = 6150531723B606400097C4D9 /* Project object */;
			proxyType = 1;
			remoteGlobalIDString = 614D5A7B23BA09AF004E7AA2;
			remoteInfo = JJSwiftLogCarthage;
		};
		614D5A8823BA09B0004E7AA2 /* PBXContainerItemProxy */ = {
			isa = PBXContainerItemProxy;
			containerPortal = 6150531723B606400097C4D9 /* Project object */;
			proxyType = 1;
			remoteGlobalIDString = 6150531E23B606400097C4D9;
			remoteInfo = JJSwiftLog;
		};
		614D5A8F23BA09B0004E7AA2 /* PBXContainerItemProxy */ = {
			isa = PBXContainerItemProxy;
			containerPortal = 6150531723B606400097C4D9 /* Project object */;
			proxyType = 1;
			remoteGlobalIDString = 614D5A7B23BA09AF004E7AA2;
			remoteInfo = JJSwiftLogCarthage;
		};
		6150533623B606460097C4D9 /* PBXContainerItemProxy */ = {
			isa = PBXContainerItemProxy;
			containerPortal = 6150531723B606400097C4D9 /* Project object */;
			proxyType = 1;
			remoteGlobalIDString = 6150531E23B606400097C4D9;
			remoteInfo = JJSwiftLog;
		};
/* End PBXContainerItemProxy section */

/* Begin PBXCopyFilesBuildPhase section */
		614D5A9623BA09B0004E7AA2 /* Embed Frameworks */ = {
			isa = PBXCopyFilesBuildPhase;
			buildActionMask = 2147483647;
			dstPath = "";
			dstSubfolderSpec = 10;
			files = (
				614D5A9223BA09B0004E7AA2 /* JJSwiftLogCarthage.framework in Embed Frameworks */,
			);
			name = "Embed Frameworks";
			runOnlyForDeploymentPostprocessing = 0;
		};
/* End PBXCopyFilesBuildPhase section */

/* Begin PBXFileReference section */
		0358C6CA66EF7E629F0A14EE /* Pods_JJSwiftLogCarthageTests.framework */ = {isa = PBXFileReference; explicitFileType = wrapper.framework; includeInIndex = 0; path = Pods_JJSwiftLogCarthageTests.framework; sourceTree = BUILT_PRODUCTS_DIR; };
		4819EBB49379FF121EED771A /* Pods-JJSwiftLogCarthageTests.debug.xcconfig */ = {isa = PBXFileReference; includeInIndex = 1; lastKnownFileType = text.xcconfig; name = "Pods-JJSwiftLogCarthageTests.debug.xcconfig"; path = "Target Support Files/Pods-JJSwiftLogCarthageTests/Pods-JJSwiftLogCarthageTests.debug.xcconfig"; sourceTree = "<group>"; };
		4E8B4E73495DBCAC16BF63A9 /* Pods-JJSwiftLogTests.debug.xcconfig */ = {isa = PBXFileReference; includeInIndex = 1; lastKnownFileType = text.xcconfig; name = "Pods-JJSwiftLogTests.debug.xcconfig"; path = "Target Support Files/Pods-JJSwiftLogTests/Pods-JJSwiftLogTests.debug.xcconfig"; sourceTree = "<group>"; };
		610FBB2D2781852B0021BB00 /* JJLogEntity.swift */ = {isa = PBXFileReference; lastKnownFileType = sourcecode.swift; path = JJLogEntity.swift; sourceTree = "<group>"; };
		610FBB2F2781867A0021BB00 /* JJLogFormatterProtocol.swift */ = {isa = PBXFileReference; lastKnownFileType = sourcecode.swift; path = JJLogFormatterProtocol.swift; sourceTree = "<group>"; };
		610FBB3327888CA40021BB00 /* JJLogObject.swift */ = {isa = PBXFileReference; lastKnownFileType = sourcecode.swift; path = JJLogObject.swift; sourceTree = "<group>"; };
		613A363527B013BC0071C021 /* FormatterTests.swift */ = {isa = PBXFileReference; lastKnownFileType = sourcecode.swift; path = FormatterTests.swift; sourceTree = "<group>"; };
		613A363727B769DA0071C021 /* JJSentryOutput.swift */ = {isa = PBXFileReference; lastKnownFileType = sourcecode.swift; path = JJSentryOutput.swift; sourceTree = "<group>"; };
		613A363927C244AC0071C021 /* SentryTests.swift */ = {isa = PBXFileReference; lastKnownFileType = sourcecode.swift; path = SentryTests.swift; sourceTree = "<group>"; };
		613BFC93278B220A00F4D77B /* JJLogFilter.swift */ = {isa = PBXFileReference; lastKnownFileType = sourcecode.swift; path = JJLogFilter.swift; sourceTree = "<group>"; };
		614D5A7C23BA09AF004E7AA2 /* JJSwiftLogCarthage.framework */ = {isa = PBXFileReference; explicitFileType = wrapper.framework; includeInIndex = 0; path = JJSwiftLogCarthage.framework; sourceTree = BUILT_PRODUCTS_DIR; };
		614D5A7E23BA09AF004E7AA2 /* JJSwiftLogCarthage.h */ = {isa = PBXFileReference; lastKnownFileType = sourcecode.c.h; path = JJSwiftLogCarthage.h; sourceTree = "<group>"; };
		614D5A7F23BA09AF004E7AA2 /* Info.plist */ = {isa = PBXFileReference; lastKnownFileType = text.plist.xml; path = Info.plist; sourceTree = "<group>"; };
		614D5A8423BA09AF004E7AA2 /* JJSwiftLogCarthageTests.xctest */ = {isa = PBXFileReference; explicitFileType = wrapper.cfbundle; includeInIndex = 0; path = JJSwiftLogCarthageTests.xctest; sourceTree = BUILT_PRODUCTS_DIR; };
		614D5A8B23BA09B0004E7AA2 /* JJSwiftLogCarthageTests.swift */ = {isa = PBXFileReference; lastKnownFileType = sourcecode.swift; path = JJSwiftLogCarthageTests.swift; sourceTree = "<group>"; };
		614D5A8D23BA09B0004E7AA2 /* Info.plist */ = {isa = PBXFileReference; lastKnownFileType = text.plist.xml; path = Info.plist; sourceTree = "<group>"; };
		6150531F23B606400097C4D9 /* JJSwiftLog.app */ = {isa = PBXFileReference; explicitFileType = wrapper.application; includeInIndex = 0; path = JJSwiftLog.app; sourceTree = BUILT_PRODUCTS_DIR; };
		6150532223B606400097C4D9 /* AppDelegate.swift */ = {isa = PBXFileReference; lastKnownFileType = sourcecode.swift; path = AppDelegate.swift; sourceTree = "<group>"; };
		6150532423B606410097C4D9 /* SceneDelegate.swift */ = {isa = PBXFileReference; lastKnownFileType = sourcecode.swift; path = SceneDelegate.swift; sourceTree = "<group>"; };
		6150532623B606410097C4D9 /* ViewController.swift */ = {isa = PBXFileReference; lastKnownFileType = sourcecode.swift; path = ViewController.swift; sourceTree = "<group>"; };
		6150532923B606410097C4D9 /* Base */ = {isa = PBXFileReference; lastKnownFileType = file.storyboard; name = Base; path = Base.lproj/Main.storyboard; sourceTree = "<group>"; };
		6150532B23B606450097C4D9 /* Assets.xcassets */ = {isa = PBXFileReference; lastKnownFileType = folder.assetcatalog; path = Assets.xcassets; sourceTree = "<group>"; };
		6150532E23B606450097C4D9 /* Base */ = {isa = PBXFileReference; lastKnownFileType = file.storyboard; name = Base; path = Base.lproj/LaunchScreen.storyboard; sourceTree = "<group>"; };
		6150533023B606450097C4D9 /* Info.plist */ = {isa = PBXFileReference; lastKnownFileType = text.plist.xml; path = Info.plist; sourceTree = "<group>"; };
		6150533523B606460097C4D9 /* JJSwiftLogTests.xctest */ = {isa = PBXFileReference; explicitFileType = wrapper.cfbundle; includeInIndex = 0; path = JJSwiftLogTests.xctest; sourceTree = BUILT_PRODUCTS_DIR; };
		6150533923B606460097C4D9 /* JJSwiftLogTests.swift */ = {isa = PBXFileReference; lastKnownFileType = sourcecode.swift; path = JJSwiftLogTests.swift; sourceTree = "<group>"; };
		6150533B23B606460097C4D9 /* Info.plist */ = {isa = PBXFileReference; lastKnownFileType = text.plist.xml; path = Info.plist; sourceTree = "<group>"; };
		6150534523B609890097C4D9 /* JJSwiftLog.swift */ = {isa = PBXFileReference; lastKnownFileType = sourcecode.swift; path = JJSwiftLog.swift; sourceTree = "<group>"; };
		6150534723B60FB80097C4D9 /* JJLogOutput.swift */ = {isa = PBXFileReference; lastKnownFileType = sourcecode.swift; path = JJLogOutput.swift; sourceTree = "<group>"; };
		6150534923B612FA0097C4D9 /* JJConsoleOutput.swift */ = {isa = PBXFileReference; lastKnownFileType = sourcecode.swift; path = JJConsoleOutput.swift; sourceTree = "<group>"; };
		6150534B23B6133F0097C4D9 /* JJFileOutput.swift */ = {isa = PBXFileReference; lastKnownFileType = sourcecode.swift; path = JJFileOutput.swift; sourceTree = "<group>"; };
		6150534D23B6137F0097C4D9 /* JJLogOutput+Extension.swift */ = {isa = PBXFileReference; lastKnownFileType = sourcecode.swift; path = "JJLogOutput+Extension.swift"; sourceTree = "<group>"; };
		6174B98E23F83AFA00841805 /* JJLogFormatter.swift */ = {isa = PBXFileReference; lastKnownFileType = sourcecode.swift; path = JJLogFormatter.swift; sourceTree = "<group>"; };
		61E1BB532793F85100FE223B /* JJFormatterLogANSIColor.swift */ = {isa = PBXFileReference; lastKnownFileType = sourcecode.swift; path = JJFormatterLogANSIColor.swift; sourceTree = "<group>"; };
		7D191C64310219DDC70DFB0B /* Pods-JJSwiftLog.release.xcconfig */ = {isa = PBXFileReference; includeInIndex = 1; lastKnownFileType = text.xcconfig; name = "Pods-JJSwiftLog.release.xcconfig"; path = "Target Support Files/Pods-JJSwiftLog/Pods-JJSwiftLog.release.xcconfig"; sourceTree = "<group>"; };
		96CADB581E94396F403436ED /* Pods-JJSwiftLogTests.release.xcconfig */ = {isa = PBXFileReference; includeInIndex = 1; lastKnownFileType = text.xcconfig; name = "Pods-JJSwiftLogTests.release.xcconfig"; path = "Target Support Files/Pods-JJSwiftLogTests/Pods-JJSwiftLogTests.release.xcconfig"; sourceTree = "<group>"; };
		A76452E1943E25864935B817 /* Pods_JJSwiftLogTests.framework */ = {isa = PBXFileReference; explicitFileType = wrapper.framework; includeInIndex = 0; path = Pods_JJSwiftLogTests.framework; sourceTree = BUILT_PRODUCTS_DIR; };
		B2E2D3B4EEAF588BB1D6AED7 /* Pods-JJSwiftLog.debug.xcconfig */ = {isa = PBXFileReference; includeInIndex = 1; lastKnownFileType = text.xcconfig; name = "Pods-JJSwiftLog.debug.xcconfig"; path = "Target Support Files/Pods-JJSwiftLog/Pods-JJSwiftLog.debug.xcconfig"; sourceTree = "<group>"; };
		C26FFCB646691C85F3670D4B /* Pods-JJSwiftLogCarthageTests.release.xcconfig */ = {isa = PBXFileReference; includeInIndex = 1; lastKnownFileType = text.xcconfig; name = "Pods-JJSwiftLogCarthageTests.release.xcconfig"; path = "Target Support Files/Pods-JJSwiftLogCarthageTests/Pods-JJSwiftLogCarthageTests.release.xcconfig"; sourceTree = "<group>"; };
		EE62F46789707C0138E386AC /* Pods_JJSwiftLog.framework */ = {isa = PBXFileReference; explicitFileType = wrapper.framework; includeInIndex = 0; path = Pods_JJSwiftLog.framework; sourceTree = BUILT_PRODUCTS_DIR; };
/* End PBXFileReference section */

/* Begin PBXFrameworksBuildPhase section */
		614D5A7923BA09AF004E7AA2 /* Frameworks */ = {
			isa = PBXFrameworksBuildPhase;
			buildActionMask = 2147483647;
			files = (
			);
			runOnlyForDeploymentPostprocessing = 0;
		};
		614D5A8123BA09AF004E7AA2 /* Frameworks */ = {
			isa = PBXFrameworksBuildPhase;
			buildActionMask = 2147483647;
			files = (
				614D5A8523BA09B0004E7AA2 /* JJSwiftLogCarthage.framework in Frameworks */,
				3E0BA730BF456A5C8DE5E7E9 /* Pods_JJSwiftLogCarthageTests.framework in Frameworks */,
			);
			runOnlyForDeploymentPostprocessing = 0;
		};
		6150531C23B606400097C4D9 /* Frameworks */ = {
			isa = PBXFrameworksBuildPhase;
			buildActionMask = 2147483647;
			files = (
				614D5A9123BA09B0004E7AA2 /* JJSwiftLogCarthage.framework in Frameworks */,
				25A01DFE5FC8C0BFCEFC9C01 /* Pods_JJSwiftLog.framework in Frameworks */,
			);
			runOnlyForDeploymentPostprocessing = 0;
		};
		6150533223B606460097C4D9 /* Frameworks */ = {
			isa = PBXFrameworksBuildPhase;
			buildActionMask = 2147483647;
			files = (
				53DEB30C57F2B327B5DE4663 /* Pods_JJSwiftLogTests.framework in Frameworks */,
			);
			runOnlyForDeploymentPostprocessing = 0;
		};
/* End PBXFrameworksBuildPhase section */

/* Begin PBXGroup section */
		5E3DF81B9527F4E0015F2364 /* Pods */ = {
			isa = PBXGroup;
			children = (
				B2E2D3B4EEAF588BB1D6AED7 /* Pods-JJSwiftLog.debug.xcconfig */,
				7D191C64310219DDC70DFB0B /* Pods-JJSwiftLog.release.xcconfig */,
				4819EBB49379FF121EED771A /* Pods-JJSwiftLogCarthageTests.debug.xcconfig */,
				C26FFCB646691C85F3670D4B /* Pods-JJSwiftLogCarthageTests.release.xcconfig */,
				4E8B4E73495DBCAC16BF63A9 /* Pods-JJSwiftLogTests.debug.xcconfig */,
				96CADB581E94396F403436ED /* Pods-JJSwiftLogTests.release.xcconfig */,
			);
			path = Pods;
			sourceTree = "<group>";
		};
		614D5A7D23BA09AF004E7AA2 /* JJSwiftLogCarthage */ = {
			isa = PBXGroup;
			children = (
				614D5A7E23BA09AF004E7AA2 /* JJSwiftLogCarthage.h */,
				614D5A7F23BA09AF004E7AA2 /* Info.plist */,
			);
			path = JJSwiftLogCarthage;
			sourceTree = "<group>";
		};
		614D5A8A23BA09B0004E7AA2 /* JJSwiftLogCarthageTests */ = {
			isa = PBXGroup;
			children = (
				614D5A8B23BA09B0004E7AA2 /* JJSwiftLogCarthageTests.swift */,
				614D5A8D23BA09B0004E7AA2 /* Info.plist */,
			);
			path = JJSwiftLogCarthageTests;
			sourceTree = "<group>";
		};
		6150531623B606400097C4D9 = {
			isa = PBXGroup;
			children = (
				6150532123B606400097C4D9 /* JJSwiftLog */,
				6150533823B606460097C4D9 /* JJSwiftLogTests */,
				614D5A7D23BA09AF004E7AA2 /* JJSwiftLogCarthage */,
				614D5A8A23BA09B0004E7AA2 /* JJSwiftLogCarthageTests */,
				6150532023B606400097C4D9 /* Products */,
				5E3DF81B9527F4E0015F2364 /* Pods */,
				E3C2166B72817659D2EBB7AF /* Frameworks */,
			);
			sourceTree = "<group>";
		};
		6150532023B606400097C4D9 /* Products */ = {
			isa = PBXGroup;
			children = (
				6150531F23B606400097C4D9 /* JJSwiftLog.app */,
				6150533523B606460097C4D9 /* JJSwiftLogTests.xctest */,
				614D5A7C23BA09AF004E7AA2 /* JJSwiftLogCarthage.framework */,
				614D5A8423BA09AF004E7AA2 /* JJSwiftLogCarthageTests.xctest */,
			);
			name = Products;
			sourceTree = "<group>";
		};
		6150532123B606400097C4D9 /* JJSwiftLog */ = {
			isa = PBXGroup;
			children = (
				6150534423B608B60097C4D9 /* Source */,
				6150532223B606400097C4D9 /* AppDelegate.swift */,
				6150532423B606410097C4D9 /* SceneDelegate.swift */,
				6150532623B606410097C4D9 /* ViewController.swift */,
				6150532823B606410097C4D9 /* Main.storyboard */,
				6150532B23B606450097C4D9 /* Assets.xcassets */,
				6150532D23B606450097C4D9 /* LaunchScreen.storyboard */,
				6150533023B606450097C4D9 /* Info.plist */,
			);
			path = JJSwiftLog;
			sourceTree = "<group>";
		};
		6150533823B606460097C4D9 /* JJSwiftLogTests */ = {
			isa = PBXGroup;
			children = (
				6150533923B606460097C4D9 /* JJSwiftLogTests.swift */,
				6150533B23B606460097C4D9 /* Info.plist */,
				613A363527B013BC0071C021 /* FormatterTests.swift */,
				613A363927C244AC0071C021 /* SentryTests.swift */,
			);
			path = JJSwiftLogTests;
			sourceTree = "<group>";
		};
		6150534423B608B60097C4D9 /* Source */ = {
			isa = PBXGroup;
			children = (
				61E1BB522793F7B500FE223B /* Formatter */,
				6150534523B609890097C4D9 /* JJSwiftLog.swift */,
				6150534723B60FB80097C4D9 /* JJLogOutput.swift */,
				6150534923B612FA0097C4D9 /* JJConsoleOutput.swift */,
				6150534B23B6133F0097C4D9 /* JJFileOutput.swift */,
				6150534D23B6137F0097C4D9 /* JJLogOutput+Extension.swift */,
				6174B98E23F83AFA00841805 /* JJLogFormatter.swift */,
				610FBB2D2781852B0021BB00 /* JJLogEntity.swift */,
				610FBB2F2781867A0021BB00 /* JJLogFormatterProtocol.swift */,
				610FBB3327888CA40021BB00 /* JJLogObject.swift */,
				613BFC93278B220A00F4D77B /* JJLogFilter.swift */,
				613A363727B769DA0071C021 /* JJSentryOutput.swift */,
			);
			path = Source;
			sourceTree = "<group>";
		};
		61E1BB522793F7B500FE223B /* Formatter */ = {
			isa = PBXGroup;
			children = (
				61E1BB532793F85100FE223B /* JJFormatterLogANSIColor.swift */,
			);
			path = Formatter;
			sourceTree = "<group>";
		};
		E3C2166B72817659D2EBB7AF /* Frameworks */ = {
			isa = PBXGroup;
			children = (
				EE62F46789707C0138E386AC /* Pods_JJSwiftLog.framework */,
				0358C6CA66EF7E629F0A14EE /* Pods_JJSwiftLogCarthageTests.framework */,
				A76452E1943E25864935B817 /* Pods_JJSwiftLogTests.framework */,
			);
			name = Frameworks;
			sourceTree = "<group>";
		};
/* End PBXGroup section */

/* Begin PBXHeadersBuildPhase section */
		614D5A7723BA09AF004E7AA2 /* Headers */ = {
			isa = PBXHeadersBuildPhase;
			buildActionMask = 2147483647;
			files = (
				614D5A8E23BA09B0004E7AA2 /* JJSwiftLogCarthage.h in Headers */,
			);
			runOnlyForDeploymentPostprocessing = 0;
		};
/* End PBXHeadersBuildPhase section */

/* Begin PBXNativeTarget section */
		614D5A7B23BA09AF004E7AA2 /* JJSwiftLogCarthage */ = {
			isa = PBXNativeTarget;
			buildConfigurationList = 614D5A9323BA09B0004E7AA2 /* Build configuration list for PBXNativeTarget "JJSwiftLogCarthage" */;
			buildPhases = (
				614D5A7723BA09AF004E7AA2 /* Headers */,
				614D5A7823BA09AF004E7AA2 /* Sources */,
				614D5A7923BA09AF004E7AA2 /* Frameworks */,
				614D5A7A23BA09AF004E7AA2 /* Resources */,
			);
			buildRules = (
			);
			dependencies = (
			);
			name = JJSwiftLogCarthage;
			productName = JJSwiftLogCarthage;
			productReference = 614D5A7C23BA09AF004E7AA2 /* JJSwiftLogCarthage.framework */;
			productType = "com.apple.product-type.framework";
		};
		614D5A8323BA09AF004E7AA2 /* JJSwiftLogCarthageTests */ = {
			isa = PBXNativeTarget;
			buildConfigurationList = 614D5A9723BA09B0004E7AA2 /* Build configuration list for PBXNativeTarget "JJSwiftLogCarthageTests" */;
			buildPhases = (
				37322E4D12E400054A8BAED2 /* [CP] Check Pods Manifest.lock */,
				614D5A8023BA09AF004E7AA2 /* Sources */,
				614D5A8123BA09AF004E7AA2 /* Frameworks */,
				614D5A8223BA09AF004E7AA2 /* Resources */,
			);
			buildRules = (
			);
			dependencies = (
				614D5A8723BA09B0004E7AA2 /* PBXTargetDependency */,
				614D5A8923BA09B0004E7AA2 /* PBXTargetDependency */,
			);
			name = JJSwiftLogCarthageTests;
			productName = JJSwiftLogCarthageTests;
			productReference = 614D5A8423BA09AF004E7AA2 /* JJSwiftLogCarthageTests.xctest */;
			productType = "com.apple.product-type.bundle.unit-test";
		};
		6150531E23B606400097C4D9 /* JJSwiftLog */ = {
			isa = PBXNativeTarget;
			buildConfigurationList = 6150533E23B606460097C4D9 /* Build configuration list for PBXNativeTarget "JJSwiftLog" */;
			buildPhases = (
				583FBA8A0B3D0C92CA31CD6F /* [CP] Check Pods Manifest.lock */,
				6150531B23B606400097C4D9 /* Sources */,
				6150531C23B606400097C4D9 /* Frameworks */,
				6150531D23B606400097C4D9 /* Resources */,
				614D5A9623BA09B0004E7AA2 /* Embed Frameworks */,
				61646C09252C7021001EF481 /* ShellScript */,
			);
			buildRules = (
			);
			dependencies = (
				614D5A9023BA09B0004E7AA2 /* PBXTargetDependency */,
			);
			name = JJSwiftLog;
			productName = JJSwiftLog;
			productReference = 6150531F23B606400097C4D9 /* JJSwiftLog.app */;
			productType = "com.apple.product-type.application";
		};
		6150533423B606460097C4D9 /* JJSwiftLogTests */ = {
			isa = PBXNativeTarget;
			buildConfigurationList = 6150534123B606460097C4D9 /* Build configuration list for PBXNativeTarget "JJSwiftLogTests" */;
			buildPhases = (
				E8196DDDFCA77DD978CAB076 /* [CP] Check Pods Manifest.lock */,
				6150533123B606460097C4D9 /* Sources */,
				6150533223B606460097C4D9 /* Frameworks */,
				6150533323B606460097C4D9 /* Resources */,
			);
			buildRules = (
			);
			dependencies = (
				6150533723B606460097C4D9 /* PBXTargetDependency */,
			);
			name = JJSwiftLogTests;
			productName = JJSwiftLogTests;
			productReference = 6150533523B606460097C4D9 /* JJSwiftLogTests.xctest */;
			productType = "com.apple.product-type.bundle.unit-test";
		};
/* End PBXNativeTarget section */

/* Begin PBXProject section */
		6150531723B606400097C4D9 /* Project object */ = {
			isa = PBXProject;
			attributes = {
				LastSwiftUpdateCheck = 1120;
				LastUpgradeCheck = 1120;
				ORGANIZATIONNAME = JJSwiftLog;
				TargetAttributes = {
					614D5A7B23BA09AF004E7AA2 = {
						CreatedOnToolsVersion = 11.2.1;
					};
					614D5A8323BA09AF004E7AA2 = {
						CreatedOnToolsVersion = 11.2.1;
						TestTargetID = 6150531E23B606400097C4D9;
					};
					6150531E23B606400097C4D9 = {
						CreatedOnToolsVersion = 11.2.1;
					};
					6150533423B606460097C4D9 = {
						CreatedOnToolsVersion = 11.2.1;
						TestTargetID = 6150531E23B606400097C4D9;
					};
				};
			};
			buildConfigurationList = 6150531A23B606400097C4D9 /* Build configuration list for PBXProject "JJSwiftLog" */;
			compatibilityVersion = "Xcode 9.3";
			developmentRegion = en;
			hasScannedForEncodings = 0;
			knownRegions = (
				en,
				Base,
			);
			mainGroup = 6150531623B606400097C4D9;
			productRefGroup = 6150532023B606400097C4D9 /* Products */;
			projectDirPath = "";
			projectRoot = "";
			targets = (
				6150531E23B606400097C4D9 /* JJSwiftLog */,
				6150533423B606460097C4D9 /* JJSwiftLogTests */,
				614D5A7B23BA09AF004E7AA2 /* JJSwiftLogCarthage */,
				614D5A8323BA09AF004E7AA2 /* JJSwiftLogCarthageTests */,
			);
		};
/* End PBXProject section */

/* Begin PBXResourcesBuildPhase section */
		614D5A7A23BA09AF004E7AA2 /* Resources */ = {
			isa = PBXResourcesBuildPhase;
			buildActionMask = 2147483647;
			files = (
			);
			runOnlyForDeploymentPostprocessing = 0;
		};
		614D5A8223BA09AF004E7AA2 /* Resources */ = {
			isa = PBXResourcesBuildPhase;
			buildActionMask = 2147483647;
			files = (
			);
			runOnlyForDeploymentPostprocessing = 0;
		};
		6150531D23B606400097C4D9 /* Resources */ = {
			isa = PBXResourcesBuildPhase;
			buildActionMask = 2147483647;
			files = (
				6150532F23B606450097C4D9 /* LaunchScreen.storyboard in Resources */,
				6150532C23B606450097C4D9 /* Assets.xcassets in Resources */,
				6150532A23B606410097C4D9 /* Main.storyboard in Resources */,
			);
			runOnlyForDeploymentPostprocessing = 0;
		};
		6150533323B606460097C4D9 /* Resources */ = {
			isa = PBXResourcesBuildPhase;
			buildActionMask = 2147483647;
			files = (
			);
			runOnlyForDeploymentPostprocessing = 0;
		};
/* End PBXResourcesBuildPhase section */

/* Begin PBXShellScriptBuildPhase section */
		37322E4D12E400054A8BAED2 /* [CP] Check Pods Manifest.lock */ = {
			isa = PBXShellScriptBuildPhase;
			buildActionMask = 2147483647;
			files = (
			);
			inputFileListPaths = (
			);
			inputPaths = (
				"${PODS_PODFILE_DIR_PATH}/Podfile.lock",
				"${PODS_ROOT}/Manifest.lock",
			);
			name = "[CP] Check Pods Manifest.lock";
			outputFileListPaths = (
			);
			outputPaths = (
				"$(DERIVED_FILE_DIR)/Pods-JJSwiftLogCarthageTests-checkManifestLockResult.txt",
			);
			runOnlyForDeploymentPostprocessing = 0;
			shellPath = /bin/sh;
			shellScript = "diff \"${PODS_PODFILE_DIR_PATH}/Podfile.lock\" \"${PODS_ROOT}/Manifest.lock\" > /dev/null\nif [ $? != 0 ] ; then\n    # print error to STDERR\n    echo \"error: The sandbox is not in sync with the Podfile.lock. Run 'pod install' or update your CocoaPods installation.\" >&2\n    exit 1\nfi\n# This output is used by Xcode 'outputs' to avoid re-running this script phase.\necho \"SUCCESS\" > \"${SCRIPT_OUTPUT_FILE_0}\"\n";
			showEnvVarsInLog = 0;
		};
		583FBA8A0B3D0C92CA31CD6F /* [CP] Check Pods Manifest.lock */ = {
			isa = PBXShellScriptBuildPhase;
			buildActionMask = 2147483647;
			files = (
			);
			inputFileListPaths = (
			);
			inputPaths = (
				"${PODS_PODFILE_DIR_PATH}/Podfile.lock",
				"${PODS_ROOT}/Manifest.lock",
			);
			name = "[CP] Check Pods Manifest.lock";
			outputFileListPaths = (
			);
			outputPaths = (
				"$(DERIVED_FILE_DIR)/Pods-JJSwiftLog-checkManifestLockResult.txt",
			);
			runOnlyForDeploymentPostprocessing = 0;
			shellPath = /bin/sh;
			shellScript = "diff \"${PODS_PODFILE_DIR_PATH}/Podfile.lock\" \"${PODS_ROOT}/Manifest.lock\" > /dev/null\nif [ $? != 0 ] ; then\n    # print error to STDERR\n    echo \"error: The sandbox is not in sync with the Podfile.lock. Run 'pod install' or update your CocoaPods installation.\" >&2\n    exit 1\nfi\n# This output is used by Xcode 'outputs' to avoid re-running this script phase.\necho \"SUCCESS\" > \"${SCRIPT_OUTPUT_FILE_0}\"\n";
			showEnvVarsInLog = 0;
		};
		61646C09252C7021001EF481 /* ShellScript */ = {
			isa = PBXShellScriptBuildPhase;
			buildActionMask = 2147483647;
			files = (
			);
			inputFileListPaths = (
			);
			inputPaths = (
			);
			outputFileListPaths = (
			);
			outputPaths = (
			);
			runOnlyForDeploymentPostprocessing = 0;
			shellPath = /bin/sh;
			shellScript = "if which swiftlint >/dev/null; then\n  swiftlint lint\nelse\n  echo \"warning: SwiftLint not installed, download from https://github.com/realm/SwiftLint\"\nfi\n\n";
		};
		E8196DDDFCA77DD978CAB076 /* [CP] Check Pods Manifest.lock */ = {
			isa = PBXShellScriptBuildPhase;
			buildActionMask = 2147483647;
			files = (
			);
			inputFileListPaths = (
			);
			inputPaths = (
				"${PODS_PODFILE_DIR_PATH}/Podfile.lock",
				"${PODS_ROOT}/Manifest.lock",
			);
			name = "[CP] Check Pods Manifest.lock";
			outputFileListPaths = (
			);
			outputPaths = (
				"$(DERIVED_FILE_DIR)/Pods-JJSwiftLogTests-checkManifestLockResult.txt",
			);
			runOnlyForDeploymentPostprocessing = 0;
			shellPath = /bin/sh;
			shellScript = "diff \"${PODS_PODFILE_DIR_PATH}/Podfile.lock\" \"${PODS_ROOT}/Manifest.lock\" > /dev/null\nif [ $? != 0 ] ; then\n    # print error to STDERR\n    echo \"error: The sandbox is not in sync with the Podfile.lock. Run 'pod install' or update your CocoaPods installation.\" >&2\n    exit 1\nfi\n# This output is used by Xcode 'outputs' to avoid re-running this script phase.\necho \"SUCCESS\" > \"${SCRIPT_OUTPUT_FILE_0}\"\n";
			showEnvVarsInLog = 0;
		};
/* End PBXShellScriptBuildPhase section */

/* Begin PBXSourcesBuildPhase section */
		614D5A7823BA09AF004E7AA2 /* Sources */ = {
			isa = PBXSourcesBuildPhase;
			buildActionMask = 2147483647;
			files = (
				610FBB312782AA4D0021BB00 /* JJLogEntity.swift in Sources */,
				610FBB322782AA4D0021BB00 /* JJLogFormatterProtocol.swift in Sources */,
				61E1BB552793F85200FE223B /* JJFormatterLogANSIColor.swift in Sources */,
				612D73A224299C3800EDA133 /* JJLogFormatter.swift in Sources */,
				610FBB3527888CA40021BB00 /* JJLogObject.swift in Sources */,
				614D5A9A23BA09D3004E7AA2 /* JJSwiftLog.swift in Sources */,
				614D5A9B23BA09D3004E7AA2 /* JJLogOutput.swift in Sources */,
				613BFC95278B220A00F4D77B /* JJLogFilter.swift in Sources */,
				614D5A9C23BA09D3004E7AA2 /* JJConsoleOutput.swift in Sources */,
				614D5A9D23BA09D3004E7AA2 /* JJFileOutput.swift in Sources */,
				614D5A9E23BA09D3004E7AA2 /* JJLogOutput+Extension.swift in Sources */,
			);
			runOnlyForDeploymentPostprocessing = 0;
		};
		614D5A8023BA09AF004E7AA2 /* Sources */ = {
			isa = PBXSourcesBuildPhase;
			buildActionMask = 2147483647;
			files = (
				614D5A8C23BA09B0004E7AA2 /* JJSwiftLogCarthageTests.swift in Sources */,
			);
			runOnlyForDeploymentPostprocessing = 0;
		};
		6150531B23B606400097C4D9 /* Sources */ = {
			isa = PBXSourcesBuildPhase;
			buildActionMask = 2147483647;
			files = (
				6150532723B606410097C4D9 /* ViewController.swift in Sources */,
				6150534C23B6133F0097C4D9 /* JJFileOutput.swift in Sources */,
				6150534823B60FB80097C4D9 /* JJLogOutput.swift in Sources */,
				613A363827B769DA0071C021 /* JJSentryOutput.swift in Sources */,
				610FBB2E2781852B0021BB00 /* JJLogEntity.swift in Sources */,
				6150534A23B612FA0097C4D9 /* JJConsoleOutput.swift in Sources */,
				6150532323B606400097C4D9 /* AppDelegate.swift in Sources */,
				61E1BB542793F85200FE223B /* JJFormatterLogANSIColor.swift in Sources */,
				613BFC94278B220A00F4D77B /* JJLogFilter.swift in Sources */,
				6150534E23B6137F0097C4D9 /* JJLogOutput+Extension.swift in Sources */,
				6174B98F23F83AFA00841805 /* JJLogFormatter.swift in Sources */,
				610FBB302781867A0021BB00 /* JJLogFormatterProtocol.swift in Sources */,
				610FBB3427888CA40021BB00 /* JJLogObject.swift in Sources */,
				6150534623B609890097C4D9 /* JJSwiftLog.swift in Sources */,
				6150532523B606410097C4D9 /* SceneDelegate.swift in Sources */,
			);
			runOnlyForDeploymentPostprocessing = 0;
		};
		6150533123B606460097C4D9 /* Sources */ = {
			isa = PBXSourcesBuildPhase;
			buildActionMask = 2147483647;
			files = (
				613A363627B013BC0071C021 /* FormatterTests.swift in Sources */,
				6150533A23B606460097C4D9 /* JJSwiftLogTests.swift in Sources */,
				613A363A27C244AC0071C021 /* SentryTests.swift in Sources */,
			);
			runOnlyForDeploymentPostprocessing = 0;
		};
/* End PBXSourcesBuildPhase section */

/* Begin PBXTargetDependency section */
		614D5A8723BA09B0004E7AA2 /* PBXTargetDependency */ = {
			isa = PBXTargetDependency;
			target = 614D5A7B23BA09AF004E7AA2 /* JJSwiftLogCarthage */;
			targetProxy = 614D5A8623BA09B0004E7AA2 /* PBXContainerItemProxy */;
		};
		614D5A8923BA09B0004E7AA2 /* PBXTargetDependency */ = {
			isa = PBXTargetDependency;
			target = 6150531E23B606400097C4D9 /* JJSwiftLog */;
			targetProxy = 614D5A8823BA09B0004E7AA2 /* PBXContainerItemProxy */;
		};
		614D5A9023BA09B0004E7AA2 /* PBXTargetDependency */ = {
			isa = PBXTargetDependency;
			target = 614D5A7B23BA09AF004E7AA2 /* JJSwiftLogCarthage */;
			targetProxy = 614D5A8F23BA09B0004E7AA2 /* PBXContainerItemProxy */;
		};
		6150533723B606460097C4D9 /* PBXTargetDependency */ = {
			isa = PBXTargetDependency;
			target = 6150531E23B606400097C4D9 /* JJSwiftLog */;
			targetProxy = 6150533623B606460097C4D9 /* PBXContainerItemProxy */;
		};
/* End PBXTargetDependency section */

/* Begin PBXVariantGroup section */
		6150532823B606410097C4D9 /* Main.storyboard */ = {
			isa = PBXVariantGroup;
			children = (
				6150532923B606410097C4D9 /* Base */,
			);
			name = Main.storyboard;
			sourceTree = "<group>";
		};
		6150532D23B606450097C4D9 /* LaunchScreen.storyboard */ = {
			isa = PBXVariantGroup;
			children = (
				6150532E23B606450097C4D9 /* Base */,
			);
			name = LaunchScreen.storyboard;
			sourceTree = "<group>";
		};
/* End PBXVariantGroup section */

/* Begin XCBuildConfiguration section */
		614D5A9423BA09B0004E7AA2 /* Debug */ = {
			isa = XCBuildConfiguration;
			buildSettings = {
				CODE_SIGN_STYLE = Automatic;
				CURRENT_PROJECT_VERSION = 1;
				DEFINES_MODULE = YES;
				DEVELOPMENT_TEAM = 6PA8SJWBRK;
				DYLIB_COMPATIBILITY_VERSION = 1;
				DYLIB_CURRENT_VERSION = 1;
				DYLIB_INSTALL_NAME_BASE = "@rpath";
				INFOPLIST_FILE = JJSwiftLogCarthage/Info.plist;
				INSTALL_PATH = "$(LOCAL_LIBRARY_DIR)/Frameworks";
				LD_RUNPATH_SEARCH_PATHS = (
					"$(inherited)",
					"@executable_path/Frameworks",
					"@loader_path/Frameworks",
				);
				PRODUCT_BUNDLE_IDENTIFIER = xxx.JJSwiftLogCarthage;
				PRODUCT_NAME = "$(TARGET_NAME:c99extidentifier)";
				SKIP_INSTALL = YES;
				SWIFT_VERSION = 5.0;
				TARGETED_DEVICE_FAMILY = "1,2";
				VERSIONING_SYSTEM = "apple-generic";
				VERSION_INFO_PREFIX = "";
			};
			name = Debug;
		};
		614D5A9523BA09B0004E7AA2 /* Release */ = {
			isa = XCBuildConfiguration;
			buildSettings = {
				CODE_SIGN_STYLE = Automatic;
				CURRENT_PROJECT_VERSION = 1;
				DEFINES_MODULE = YES;
				DEVELOPMENT_TEAM = 6PA8SJWBRK;
				DYLIB_COMPATIBILITY_VERSION = 1;
				DYLIB_CURRENT_VERSION = 1;
				DYLIB_INSTALL_NAME_BASE = "@rpath";
				INFOPLIST_FILE = JJSwiftLogCarthage/Info.plist;
				INSTALL_PATH = "$(LOCAL_LIBRARY_DIR)/Frameworks";
				LD_RUNPATH_SEARCH_PATHS = (
					"$(inherited)",
					"@executable_path/Frameworks",
					"@loader_path/Frameworks",
				);
				PRODUCT_BUNDLE_IDENTIFIER = xxx.JJSwiftLogCarthage;
				PRODUCT_NAME = "$(TARGET_NAME:c99extidentifier)";
				SKIP_INSTALL = YES;
				SWIFT_VERSION = 5.0;
				TARGETED_DEVICE_FAMILY = "1,2";
				VERSIONING_SYSTEM = "apple-generic";
				VERSION_INFO_PREFIX = "";
			};
			name = Release;
		};
		614D5A9823BA09B0004E7AA2 /* Debug */ = {
			isa = XCBuildConfiguration;
			baseConfigurationReference = 4819EBB49379FF121EED771A /* Pods-JJSwiftLogCarthageTests.debug.xcconfig */;
			buildSettings = {
				ALWAYS_EMBED_SWIFT_STANDARD_LIBRARIES = YES;
				CODE_SIGN_STYLE = Automatic;
				DEVELOPMENT_TEAM = 6PA8SJWBRK;
				INFOPLIST_FILE = JJSwiftLogCarthageTests/Info.plist;
				LD_RUNPATH_SEARCH_PATHS = (
					"$(inherited)",
					"@executable_path/Frameworks",
					"@loader_path/Frameworks",
				);
				PRODUCT_BUNDLE_IDENTIFIER = xxx.JJSwiftLogCarthageTests;
				PRODUCT_NAME = "$(TARGET_NAME)";
				SWIFT_VERSION = 5.0;
				TARGETED_DEVICE_FAMILY = "1,2";
				TEST_HOST = "$(BUILT_PRODUCTS_DIR)/JJSwiftLog.app/JJSwiftLog";
			};
			name = Debug;
		};
		614D5A9923BA09B0004E7AA2 /* Release */ = {
			isa = XCBuildConfiguration;
			baseConfigurationReference = C26FFCB646691C85F3670D4B /* Pods-JJSwiftLogCarthageTests.release.xcconfig */;
			buildSettings = {
				ALWAYS_EMBED_SWIFT_STANDARD_LIBRARIES = YES;
				CODE_SIGN_STYLE = Automatic;
				DEVELOPMENT_TEAM = 6PA8SJWBRK;
				INFOPLIST_FILE = JJSwiftLogCarthageTests/Info.plist;
				LD_RUNPATH_SEARCH_PATHS = (
					"$(inherited)",
					"@executable_path/Frameworks",
					"@loader_path/Frameworks",
				);
				PRODUCT_BUNDLE_IDENTIFIER = xxx.JJSwiftLogCarthageTests;
				PRODUCT_NAME = "$(TARGET_NAME)";
				SWIFT_VERSION = 5.0;
				TARGETED_DEVICE_FAMILY = "1,2";
				TEST_HOST = "$(BUILT_PRODUCTS_DIR)/JJSwiftLog.app/JJSwiftLog";
			};
			name = Release;
		};
		6150533C23B606460097C4D9 /* Debug */ = {
			isa = XCBuildConfiguration;
			buildSettings = {
				ALWAYS_SEARCH_USER_PATHS = NO;
				CLANG_ANALYZER_NONNULL = YES;
				CLANG_ANALYZER_NUMBER_OBJECT_CONVERSION = YES_AGGRESSIVE;
				CLANG_CXX_LANGUAGE_STANDARD = "gnu++14";
				CLANG_CXX_LIBRARY = "libc++";
				CLANG_ENABLE_MODULES = YES;
				CLANG_ENABLE_OBJC_ARC = YES;
				CLANG_ENABLE_OBJC_WEAK = YES;
				CLANG_WARN_BLOCK_CAPTURE_AUTORELEASING = YES;
				CLANG_WARN_BOOL_CONVERSION = YES;
				CLANG_WARN_COMMA = YES;
				CLANG_WARN_CONSTANT_CONVERSION = YES;
				CLANG_WARN_DEPRECATED_OBJC_IMPLEMENTATIONS = YES;
				CLANG_WARN_DIRECT_OBJC_ISA_USAGE = YES_ERROR;
				CLANG_WARN_DOCUMENTATION_COMMENTS = YES;
				CLANG_WARN_EMPTY_BODY = YES;
				CLANG_WARN_ENUM_CONVERSION = YES;
				CLANG_WARN_INFINITE_RECURSION = YES;
				CLANG_WARN_INT_CONVERSION = YES;
				CLANG_WARN_NON_LITERAL_NULL_CONVERSION = YES;
				CLANG_WARN_OBJC_IMPLICIT_RETAIN_SELF = YES;
				CLANG_WARN_OBJC_LITERAL_CONVERSION = YES;
				CLANG_WARN_OBJC_ROOT_CLASS = YES_ERROR;
				CLANG_WARN_RANGE_LOOP_ANALYSIS = YES;
				CLANG_WARN_STRICT_PROTOTYPES = YES;
				CLANG_WARN_SUSPICIOUS_MOVE = YES;
				CLANG_WARN_UNGUARDED_AVAILABILITY = YES_AGGRESSIVE;
				CLANG_WARN_UNREACHABLE_CODE = YES;
				CLANG_WARN__DUPLICATE_METHOD_MATCH = YES;
				COPY_PHASE_STRIP = NO;
				DEBUG_INFORMATION_FORMAT = dwarf;
				ENABLE_STRICT_OBJC_MSGSEND = YES;
				ENABLE_TESTABILITY = YES;
				GCC_C_LANGUAGE_STANDARD = gnu11;
				GCC_DYNAMIC_NO_PIC = NO;
				GCC_NO_COMMON_BLOCKS = YES;
				GCC_OPTIMIZATION_LEVEL = 0;
				GCC_PREPROCESSOR_DEFINITIONS = (
					"DEBUG=1",
					"$(inherited)",
				);
				GCC_WARN_64_TO_32_BIT_CONVERSION = YES;
				GCC_WARN_ABOUT_RETURN_TYPE = YES_ERROR;
				GCC_WARN_UNDECLARED_SELECTOR = YES;
				GCC_WARN_UNINITIALIZED_AUTOS = YES_AGGRESSIVE;
				GCC_WARN_UNUSED_FUNCTION = YES;
				GCC_WARN_UNUSED_VARIABLE = YES;
				IPHONEOS_DEPLOYMENT_TARGET = 13.2;
				MTL_ENABLE_DEBUG_INFO = INCLUDE_SOURCE;
				MTL_FAST_MATH = YES;
				ONLY_ACTIVE_ARCH = YES;
				SDKROOT = iphoneos;
				SWIFT_ACTIVE_COMPILATION_CONDITIONS = DEBUG;
				SWIFT_OPTIMIZATION_LEVEL = "-Onone";
			};
			name = Debug;
		};
		6150533D23B606460097C4D9 /* Release */ = {
			isa = XCBuildConfiguration;
			buildSettings = {
				ALWAYS_SEARCH_USER_PATHS = NO;
				CLANG_ANALYZER_NONNULL = YES;
				CLANG_ANALYZER_NUMBER_OBJECT_CONVERSION = YES_AGGRESSIVE;
				CLANG_CXX_LANGUAGE_STANDARD = "gnu++14";
				CLANG_CXX_LIBRARY = "libc++";
				CLANG_ENABLE_MODULES = YES;
				CLANG_ENABLE_OBJC_ARC = YES;
				CLANG_ENABLE_OBJC_WEAK = YES;
				CLANG_WARN_BLOCK_CAPTURE_AUTORELEASING = YES;
				CLANG_WARN_BOOL_CONVERSION = YES;
				CLANG_WARN_COMMA = YES;
				CLANG_WARN_CONSTANT_CONVERSION = YES;
				CLANG_WARN_DEPRECATED_OBJC_IMPLEMENTATIONS = YES;
				CLANG_WARN_DIRECT_OBJC_ISA_USAGE = YES_ERROR;
				CLANG_WARN_DOCUMENTATION_COMMENTS = YES;
				CLANG_WARN_EMPTY_BODY = YES;
				CLANG_WARN_ENUM_CONVERSION = YES;
				CLANG_WARN_INFINITE_RECURSION = YES;
				CLANG_WARN_INT_CONVERSION = YES;
				CLANG_WARN_NON_LITERAL_NULL_CONVERSION = YES;
				CLANG_WARN_OBJC_IMPLICIT_RETAIN_SELF = YES;
				CLANG_WARN_OBJC_LITERAL_CONVERSION = YES;
				CLANG_WARN_OBJC_ROOT_CLASS = YES_ERROR;
				CLANG_WARN_RANGE_LOOP_ANALYSIS = YES;
				CLANG_WARN_STRICT_PROTOTYPES = YES;
				CLANG_WARN_SUSPICIOUS_MOVE = YES;
				CLANG_WARN_UNGUARDED_AVAILABILITY = YES_AGGRESSIVE;
				CLANG_WARN_UNREACHABLE_CODE = YES;
				CLANG_WARN__DUPLICATE_METHOD_MATCH = YES;
				COPY_PHASE_STRIP = NO;
				DEBUG_INFORMATION_FORMAT = "dwarf-with-dsym";
				ENABLE_NS_ASSERTIONS = NO;
				ENABLE_STRICT_OBJC_MSGSEND = YES;
				GCC_C_LANGUAGE_STANDARD = gnu11;
				GCC_NO_COMMON_BLOCKS = YES;
				GCC_WARN_64_TO_32_BIT_CONVERSION = YES;
				GCC_WARN_ABOUT_RETURN_TYPE = YES_ERROR;
				GCC_WARN_UNDECLARED_SELECTOR = YES;
				GCC_WARN_UNINITIALIZED_AUTOS = YES_AGGRESSIVE;
				GCC_WARN_UNUSED_FUNCTION = YES;
				GCC_WARN_UNUSED_VARIABLE = YES;
				IPHONEOS_DEPLOYMENT_TARGET = 13.2;
				MTL_ENABLE_DEBUG_INFO = NO;
				MTL_FAST_MATH = YES;
				SDKROOT = iphoneos;
				SWIFT_COMPILATION_MODE = wholemodule;
				SWIFT_OPTIMIZATION_LEVEL = "-O";
				VALIDATE_PRODUCT = YES;
			};
			name = Release;
		};
		6150533F23B606460097C4D9 /* Debug */ = {
			isa = XCBuildConfiguration;
			baseConfigurationReference = B2E2D3B4EEAF588BB1D6AED7 /* Pods-JJSwiftLog.debug.xcconfig */;
			buildSettings = {
				ALWAYS_EMBED_SWIFT_STANDARD_LIBRARIES = YES;
				ASSETCATALOG_COMPILER_APPICON_NAME = AppIcon;
				CODE_SIGN_STYLE = Automatic;
				DEVELOPMENT_TEAM = 6PA8SJWBRK;
				INFOPLIST_FILE = JJSwiftLog/Info.plist;
				LD_RUNPATH_SEARCH_PATHS = (
					"$(inherited)",
					"@executable_path/Frameworks",
				);
				PRODUCT_BUNDLE_IDENTIFIER = xxx.JJSwiftLog;
				PRODUCT_NAME = "$(TARGET_NAME)";
				SWIFT_OBJC_BRIDGING_HEADER = "";
				SWIFT_VERSION = 5.0;
				TARGETED_DEVICE_FAMILY = "1,2";
			};
			name = Debug;
		};
		6150534023B606460097C4D9 /* Release */ = {
			isa = XCBuildConfiguration;
			baseConfigurationReference = 7D191C64310219DDC70DFB0B /* Pods-JJSwiftLog.release.xcconfig */;
			buildSettings = {
				ALWAYS_EMBED_SWIFT_STANDARD_LIBRARIES = YES;
				ASSETCATALOG_COMPILER_APPICON_NAME = AppIcon;
				CODE_SIGN_STYLE = Automatic;
				DEVELOPMENT_TEAM = 6PA8SJWBRK;
				INFOPLIST_FILE = JJSwiftLog/Info.plist;
				LD_RUNPATH_SEARCH_PATHS = (
					"$(inherited)",
					"@executable_path/Frameworks",
				);
				PRODUCT_BUNDLE_IDENTIFIER = xxx.JJSwiftLog;
				PRODUCT_NAME = "$(TARGET_NAME)";
				SWIFT_OBJC_BRIDGING_HEADER = "";
				SWIFT_VERSION = 5.0;
				TARGETED_DEVICE_FAMILY = "1,2";
			};
			name = Release;
		};
		6150534223B606460097C4D9 /* Debug */ = {
			isa = XCBuildConfiguration;
			baseConfigurationReference = 4E8B4E73495DBCAC16BF63A9 /* Pods-JJSwiftLogTests.debug.xcconfig */;
			buildSettings = {
				ALWAYS_EMBED_SWIFT_STANDARD_LIBRARIES = YES;
				BUNDLE_LOADER = "$(TEST_HOST)";
				CODE_SIGN_STYLE = Automatic;
				DEVELOPMENT_TEAM = 6PA8SJWBRK;
				INFOPLIST_FILE = JJSwiftLogTests/Info.plist;
				IPHONEOS_DEPLOYMENT_TARGET = 13.2;
				LD_RUNPATH_SEARCH_PATHS = (
					"$(inherited)",
					"@executable_path/Frameworks",
					"@loader_path/Frameworks",
				);
				PRODUCT_BUNDLE_IDENTIFIER = xxx.JJSwiftLogTests;
				PRODUCT_NAME = "$(TARGET_NAME)";
				SWIFT_VERSION = 5.0;
				TARGETED_DEVICE_FAMILY = "1,2";
				TEST_HOST = "$(BUILT_PRODUCTS_DIR)/JJSwiftLog.app/JJSwiftLog";
			};
			name = Debug;
		};
		6150534323B606460097C4D9 /* Release */ = {
			isa = XCBuildConfiguration;
			baseConfigurationReference = 96CADB581E94396F403436ED /* Pods-JJSwiftLogTests.release.xcconfig */;
			buildSettings = {
				ALWAYS_EMBED_SWIFT_STANDARD_LIBRARIES = YES;
				BUNDLE_LOADER = "$(TEST_HOST)";
				CODE_SIGN_STYLE = Automatic;
				DEVELOPMENT_TEAM = 6PA8SJWBRK;
				INFOPLIST_FILE = JJSwiftLogTests/Info.plist;
				IPHONEOS_DEPLOYMENT_TARGET = 13.2;
				LD_RUNPATH_SEARCH_PATHS = (
					"$(inherited)",
					"@executable_path/Frameworks",
					"@loader_path/Frameworks",
				);
				PRODUCT_BUNDLE_IDENTIFIER = xxx.JJSwiftLogTests;
				PRODUCT_NAME = "$(TARGET_NAME)";
				SWIFT_VERSION = 5.0;
				TARGETED_DEVICE_FAMILY = "1,2";
				TEST_HOST = "$(BUILT_PRODUCTS_DIR)/JJSwiftLog.app/JJSwiftLog";
			};
			name = Release;
		};
/* End XCBuildConfiguration section */

/* Begin XCConfigurationList section */
		614D5A9323BA09B0004E7AA2 /* Build configuration list for PBXNativeTarget "JJSwiftLogCarthage" */ = {
			isa = XCConfigurationList;
			buildConfigurations = (
				614D5A9423BA09B0004E7AA2 /* Debug */,
				614D5A9523BA09B0004E7AA2 /* Release */,
			);
			defaultConfigurationIsVisible = 0;
			defaultConfigurationName = Release;
		};
		614D5A9723BA09B0004E7AA2 /* Build configuration list for PBXNativeTarget "JJSwiftLogCarthageTests" */ = {
			isa = XCConfigurationList;
			buildConfigurations = (
				614D5A9823BA09B0004E7AA2 /* Debug */,
				614D5A9923BA09B0004E7AA2 /* Release */,
			);
			defaultConfigurationIsVisible = 0;
			defaultConfigurationName = Release;
		};
		6150531A23B606400097C4D9 /* Build configuration list for PBXProject "JJSwiftLog" */ = {
			isa = XCConfigurationList;
			buildConfigurations = (
				6150533C23B606460097C4D9 /* Debug */,
				6150533D23B606460097C4D9 /* Release */,
			);
			defaultConfigurationIsVisible = 0;
			defaultConfigurationName = Release;
		};
		6150533E23B606460097C4D9 /* Build configuration list for PBXNativeTarget "JJSwiftLog" */ = {
			isa = XCConfigurationList;
			buildConfigurations = (
				6150533F23B606460097C4D9 /* Debug */,
				6150534023B606460097C4D9 /* Release */,
			);
			defaultConfigurationIsVisible = 0;
			defaultConfigurationName = Release;
		};
		6150534123B606460097C4D9 /* Build configuration list for PBXNativeTarget "JJSwiftLogTests" */ = {
			isa = XCConfigurationList;
			buildConfigurations = (
				6150534223B606460097C4D9 /* Debug */,
				6150534323B606460097C4D9 /* Release */,
			);
			defaultConfigurationIsVisible = 0;
			defaultConfigurationName = Release;
		};
/* End XCConfigurationList section */
	};
	rootObject = 6150531723B606400097C4D9 /* Project object */;
}
